// !$*UTF8*$!
{
	archiveVersion = 1;
	classes = {
	};
	objectVersion = 50;
	objects = {

/* Begin PBXBuildFile section */
		187862E922EA1EDD00C774AA /* AppDelegate.swift in Sources */ = {isa = PBXBuildFile; fileRef = 187862E822EA1EDD00C774AA /* AppDelegate.swift */; };
		187862EB22EA1EDD00C774AA /* ViewController.swift in Sources */ = {isa = PBXBuildFile; fileRef = 187862EA22EA1EDD00C774AA /* ViewController.swift */; };
		187862EE22EA1EDD00C774AA /* Main.storyboard in Resources */ = {isa = PBXBuildFile; fileRef = 187862EC22EA1EDD00C774AA /* Main.storyboard */; };
		187862F122EA1EDD00C774AA /* TrialApp.xcdatamodeld in Sources */ = {isa = PBXBuildFile; fileRef = 187862EF22EA1EDD00C774AA /* TrialApp.xcdatamodeld */; };
		187862F322EA1EE100C774AA /* Assets.xcassets in Resources */ = {isa = PBXBuildFile; fileRef = 187862F222EA1EE100C774AA /* Assets.xcassets */; };
		187862F622EA1EE100C774AA /* LaunchScreen.storyboard in Resources */ = {isa = PBXBuildFile; fileRef = 187862F422EA1EE100C774AA /* LaunchScreen.storyboard */; };
/* End PBXBuildFile section */

/* Begin PBXFileReference section */
		187862E522EA1EDD00C774AA /* TrialApp.app */ = {isa = PBXFileReference; explicitFileType = wrapper.application; includeInIndex = 0; path = TrialApp.app; sourceTree = BUILT_PRODUCTS_DIR; };
		187862E822EA1EDD00C774AA /* AppDelegate.swift */ = {isa = PBXFileReference; lastKnownFileType = sourcecode.swift; path = AppDelegate.swift; sourceTree = "<group>"; };
		187862EA22EA1EDD00C774AA /* ViewController.swift */ = {isa = PBXFileReference; lastKnownFileType = sourcecode.swift; path = ViewController.swift; sourceTree = "<group>"; };
		187862ED22EA1EDD00C774AA /* Base */ = {isa = PBXFileReference; lastKnownFileType = file.storyboard; name = Base; path = Base.lproj/Main.storyboard; sourceTree = "<group>"; };
		187862F022EA1EDD00C774AA /* TrialApp.xcdatamodel */ = {isa = PBXFileReference; lastKnownFileType = wrapper.xcdatamodel; path = TrialApp.xcdatamodel; sourceTree = "<group>"; };
		187862F222EA1EE100C774AA /* Assets.xcassets */ = {isa = PBXFileReference; lastKnownFileType = folder.assetcatalog; path = Assets.xcassets; sourceTree = "<group>"; };
		187862F522EA1EE100C774AA /* Base */ = {isa = PBXFileReference; lastKnownFileType = file.storyboard; name = Base; path = Base.lproj/LaunchScreen.storyboard; sourceTree = "<group>"; };
		187862F722EA1EE100C774AA /* Info.plist */ = {isa = PBXFileReference; lastKnownFileType = text.plist.xml; path = Info.plist; sourceTree = "<group>"; };
/* End PBXFileReference section */

/* Begin PBXFrameworksBuildPhase section */
		187862E222EA1EDD00C774AA /* Frameworks */ = {
			isa = PBXFrameworksBuildPhase;
			buildActionMask = 2147483647;
			files = (
			);
			runOnlyForDeploymentPostprocessing = 0;
		};
/* End PBXFrameworksBuildPhase section */

/* Begin PBXGroup section */
		187862DC22EA1EDD00C774AA = {
			isa = PBXGroup;
			children = (
				187862E722EA1EDD00C774AA /* TrialApp */,
				187862E622EA1EDD00C774AA /* Products */,
			);
			sourceTree = "<group>";
		};
		187862E622EA1EDD00C774AA /* Products */ = {
			isa = PBXGroup;
			children = (
				187862E522EA1EDD00C774AA /* TrialApp.app */,
			);
			name = Products;
			sourceTree = "<group>";
		};
		187862E722EA1EDD00C774AA /* TrialApp */ = {
			isa = PBXGroup;
			children = (
				187862E822EA1EDD00C774AA /* AppDelegate.swift */,
				187862EA22EA1EDD00C774AA /* ViewController.swift */,
				187862EC22EA1EDD00C774AA /* Main.storyboard */,
				187862F222EA1EE100C774AA /* Assets.xcassets */,
				187862F422EA1EE100C774AA /* LaunchScreen.storyboard */,
				187862F722EA1EE100C774AA /* Info.plist */,
				187862EF22EA1EDD00C774AA /* TrialApp.xcdatamodeld */,
			);
			path = TrialApp;
			sourceTree = "<group>";
		};
/* End PBXGroup section */

/* Begin PBXNativeTarget section */
		187862E422EA1EDD00C774AA /* TrialApp */ = {
			isa = PBXNativeTarget;
			buildConfigurationList = 187862FA22EA1EE100C774AA /* Build configuration list for PBXNativeTarget "TrialApp" */;
			buildPhases = (
				187862E122EA1EDD00C774AA /* Sources */,
				187862E222EA1EDD00C774AA /* Frameworks */,
				187862E322EA1EDD00C774AA /* Resources */,
			);
			buildRules = (
			);
			dependencies = (
			);
			name = TrialApp;
			productName = TrialApp;
			productReference = 187862E522EA1EDD00C774AA /* TrialApp.app */;
			productType = "com.apple.product-type.application";
		};
/* End PBXNativeTarget section */

/* Begin PBXProject section */
		187862DD22EA1EDD00C774AA /* Project object */ = {
			isa = PBXProject;
			attributes = {
				LastSwiftUpdateCheck = 1020;
				LastUpgradeCheck = 1020;
				ORGANIZATIONNAME = Apple;
				TargetAttributes = {
					187862E422EA1EDD00C774AA = {
						CreatedOnToolsVersion = 10.2.1;
					};
				};
			};
			buildConfigurationList = 187862E022EA1EDD00C774AA /* Build configuration list for PBXProject "TrialApp" */;
			compatibilityVersion = "Xcode 9.3";
			developmentRegion = en;
			hasScannedForEncodings = 0;
			knownRegions = (
				en,
				Base,
			);
			mainGroup = 187862DC22EA1EDD00C774AA;
			productRefGroup = 187862E622EA1EDD00C774AA /* Products */;
			projectDirPath = "";
			projectRoot = "";
			targets = (
				187862E422EA1EDD00C774AA /* TrialApp */,
			);
		};
/* End PBXProject section */

/* Begin PBXResourcesBuildPhase section */
		187862E322EA1EDD00C774AA /* Resources */ = {
			isa = PBXResourcesBuildPhase;
			buildActionMask = 2147483647;
			files = (
				187862F622EA1EE100C774AA /* LaunchScreen.storyboard in Resources */,
				187862F322EA1EE100C774AA /* Assets.xcassets in Resources */,
				187862EE22EA1EDD00C774AA /* Main.storyboard in Resources */,
			);
			runOnlyForDeploymentPostprocessing = 0;
		};
/* End PBXResourcesBuildPhase section */

/* Begin PBXSourcesBuildPhase section */
		187862E122EA1EDD00C774AA /* Sources */ = {
			isa = PBXSourcesBuildPhase;
			buildActionMask = 2147483647;
			files = (
				187862EB22EA1EDD00C774AA /* ViewController.swift in Sources */,
				187862E922EA1EDD00C774AA /* AppDelegate.swift in Sources */,
				187862F122EA1EDD00C774AA /* TrialApp.xcdatamodeld in Sources */,
			);
			runOnlyForDeploymentPostprocessing = 0;
		};
/* End PBXSourcesBuildPhase section */

/* Begin PBXVariantGroup section */
		187862EC22EA1EDD00C774AA /* Main.storyboard */ = {
			isa = PBXVariantGroup;
			children = (
				187862ED22EA1EDD00C774AA /* Base */,
			);
			name = Main.storyboard;
			sourceTree = "<group>";
		};
		187862F422EA1EE100C774AA /* LaunchScreen.storyboard */ = {
			isa = PBXVariantGroup;
			children = (
				187862F522EA1EE100C774AA /* Base */,
			);
			name = LaunchScreen.storyboard;
			sourceTree = "<group>";
		};
/* End PBXVariantGroup section */

/* Begin XCBuildConfiguration section */
		187862F822EA1EE100C774AA /* Debug */ = {
			isa = XCBuildConfiguration;
			buildSettings = {
				ALWAYS_SEARCH_USER_PATHS = NO;
				CLANG_ANALYZER_NONNULL = YES;
				CLANG_ANALYZER_NUMBER_OBJECT_CONVERSION = YES_AGGRESSIVE;
				CLANG_CXX_LANGUAGE_STANDARD = "gnu++14";
				CLANG_CXX_LIBRARY = "libc++";
				CLANG_ENABLE_MODULES = YES;
				CLANG_ENABLE_OBJC_ARC = YES;
				CLANG_ENABLE_OBJC_WEAK = YES;
				CLANG_WARN_BLOCK_CAPTURE_AUTORELEASING = YES;
				CLANG_WARN_BOOL_CONVERSION = YES;
				CLANG_WARN_COMMA = YES;
				CLANG_WARN_CONSTANT_CONVERSION = YES;
				CLANG_WARN_DEPRECATED_OBJC_IMPLEMENTATIONS = YES;
				CLANG_WARN_DIRECT_OBJC_ISA_USAGE = YES_ERROR;
				CLANG_WARN_DOCUMENTATION_COMMENTS = YES;
				CLANG_WARN_EMPTY_BODY = YES;
				CLANG_WARN_ENUM_CONVERSION = YES;
				CLANG_WARN_INFINITE_RECURSION = YES;
				CLANG_WARN_INT_CONVERSION = YES;
				CLANG_WARN_NON_LITERAL_NULL_CONVERSION = YES;
				CLANG_WARN_OBJC_IMPLICIT_RETAIN_SELF = YES;
				CLANG_WARN_OBJC_LITERAL_CONVERSION = YES;
				CLANG_WARN_OBJC_ROOT_CLASS = YES_ERROR;
				CLANG_WARN_RANGE_LOOP_ANALYSIS = YES;
				CLANG_WARN_STRICT_PROTOTYPES = YES;
				CLANG_WARN_SUSPICIOUS_MOVE = YES;
				CLANG_WARN_UNGUARDED_AVAILABILITY = YES_AGGRESSIVE;
				CLANG_WARN_UNREACHABLE_CODE = YES;
				CLANG_WARN__DUPLICATE_METHOD_MATCH = YES;
				CODE_SIGN_IDENTITY = "iPhone Developer";
				COPY_PHASE_STRIP = NO;
				DEBUG_INFORMATION_FORMAT = dwarf;
				ENABLE_STRICT_OBJC_MSGSEND = YES;
				ENABLE_TESTABILITY = YES;
				GCC_C_LANGUAGE_STANDARD = gnu11;
				GCC_DYNAMIC_NO_PIC = NO;
				GCC_NO_COMMON_BLOCKS = YES;
				GCC_OPTIMIZATION_LEVEL = 0;
				GCC_PREPROCESSOR_DEFINITIONS = (
					"DEBUG=1",
					"$(inherited)",
				);
				GCC_WARN_64_TO_32_BIT_CONVERSION = YES;
				GCC_WARN_ABOUT_RETURN_TYPE = YES_ERROR;
				GCC_WARN_UNDECLARED_SELECTOR = YES;
				GCC_WARN_UNINITIALIZED_AUTOS = YES_AGGRESSIVE;
				GCC_WARN_UNUSED_FUNCTION = YES;
				GCC_WARN_UNUSED_VARIABLE = YES;
				IPHONEOS_DEPLOYMENT_TARGET = 12.2;
				MTL_ENABLE_DEBUG_INFO = INCLUDE_SOURCE;
				MTL_FAST_MATH = YES;
				ONLY_ACTIVE_ARCH = YES;
				SDKROOT = iphoneos;
				SWIFT_ACTIVE_COMPILATION_CONDITIONS = DEBUG;
				SWIFT_OPTIMIZATION_LEVEL = "-Onone";
			};
			name = Debug;
		};
		187862F922EA1EE100C774AA /* Release */ = {
			isa = XCBuildConfiguration;
			buildSettings = {
				ALWAYS_SEARCH_USER_PATHS = NO;
				CLANG_ANALYZER_NONNULL = YES;
				CLANG_ANALYZER_NUMBER_OBJECT_CONVERSION = YES_AGGRESSIVE;
				CLANG_CXX_LANGUAGE_STANDARD = "gnu++14";
				CLANG_CXX_LIBRARY = "libc++";
				CLANG_ENABLE_MODULES = YES;
				CLANG_ENABLE_OBJC_ARC = YES;
				CLANG_ENABLE_OBJC_WEAK = YES;
				CLANG_WARN_BLOCK_CAPTURE_AUTORELEASING = YES;
				CLANG_WARN_BOOL_CONVERSION = YES;
				CLANG_WARN_COMMA = YES;
				CLANG_WARN_CONSTANT_CONVERSION = YES;
				CLANG_WARN_DEPRECATED_OBJC_IMPLEMENTATIONS = YES;
				CLANG_WARN_DIRECT_OBJC_ISA_USAGE = YES_ERROR;
				CLANG_WARN_DOCUMENTATION_COMMENTS = YES;
				CLANG_WARN_EMPTY_BODY = YES;
				CLANG_WARN_ENUM_CONVERSION = YES;
				CLANG_WARN_INFINITE_RECURSION = YES;
				CLANG_WARN_INT_CONVERSION = YES;
				CLANG_WARN_NON_LITERAL_NULL_CONVERSION = YES;
				CLANG_WARN_OBJC_IMPLICIT_RETAIN_SELF = YES;
				CLANG_WARN_OBJC_LITERAL_CONVERSION = YES;
				CLANG_WARN_OBJC_ROOT_CLASS = YES_ERROR;
				CLANG_WARN_RANGE_LOOP_ANALYSIS = YES;
				CLANG_WARN_STRICT_PROTOTYPES = YES;
				CLANG_WARN_SUSPICIOUS_MOVE = YES;
				CLANG_WARN_UNGUARDED_AVAILABILITY = YES_AGGRESSIVE;
				CLANG_WARN_UNREACHABLE_CODE = YES;
				CLANG_WARN__DUPLICATE_METHOD_MATCH = YES;
				CODE_SIGN_IDENTITY = "iPhone Developer";
				COPY_PHASE_STRIP = NO;
				DEBUG_INFORMATION_FORMAT = "dwarf-with-dsym";
				ENABLE_NS_ASSERTIONS = NO;
				ENABLE_STRICT_OBJC_MSGSEND = YES;
				GCC_C_LANGUAGE_STANDARD = gnu11;
				GCC_NO_COMMON_BLOCKS = YES;
				GCC_WARN_64_TO_32_BIT_CONVERSION = YES;
				GCC_WARN_ABOUT_RETURN_TYPE = YES_ERROR;
				GCC_WARN_UNDECLARED_SELECTOR = YES;
				GCC_WARN_UNINITIALIZED_AUTOS = YES_AGGRESSIVE;
				GCC_WARN_UNUSED_FUNCTION = YES;
				GCC_WARN_UNUSED_VARIABLE = YES;
				IPHONEOS_DEPLOYMENT_TARGET = 12.2;
				MTL_ENABLE_DEBUG_INFO = NO;
				MTL_FAST_MATH = YES;
				SDKROOT = iphoneos;
				SWIFT_COMPILATION_MODE = wholemodule;
				SWIFT_OPTIMIZATION_LEVEL = "-O";
				VALIDATE_PRODUCT = YES;
			};
			name = Release;
		};
		187862FB22EA1EE100C774AA /* Debug */ = {
			isa = XCBuildConfiguration;
			buildSettings = {
				ASSETCATALOG_COMPILER_APPICON_NAME = AppIcon;
				CODE_SIGN_STYLE = Automatic;
				INFOPLIST_FILE = TrialApp/Info.plist;
				LD_RUNPATH_SEARCH_PATHS = (
					"$(inherited)",
					"@executable_path/Frameworks",
				);
				PRODUCT_BUNDLE_IDENTIFIER = KWK.TrialApp;
				PRODUCT_NAME = "$(TARGET_NAME)";
				SWIFT_VERSION = 5.0;
				TARGETED_DEVICE_FAMILY = "1,2";
			};
			name = Debug;
		};
		187862FC22EA1EE100C774AA /* Release */ = {
			isa = XCBuildConfiguration;
			buildSettings = {
				ASSETCATALOG_COMPILER_APPICON_NAME = AppIcon;
				CODE_SIGN_STYLE = Automatic;
				INFOPLIST_FILE = TrialApp/Info.plist;
				LD_RUNPATH_SEARCH_PATHS = (
					"$(inherited)",
					"@executable_path/Frameworks",
				);
				PRODUCT_BUNDLE_IDENTIFIER = KWK.TrialApp;
				PRODUCT_NAME = "$(TARGET_NAME)";
				SWIFT_VERSION = 5.0;
				TARGETED_DEVICE_FAMILY = "1,2";
			};
			name = Release;
		};
/* End XCBuildConfiguration section */

/* Begin XCConfigurationList section */
		187862E022EA1EDD00C774AA /* Build configuration list for PBXProject "TrialApp" */ = {
			isa = XCConfigurationList;
			buildConfigurations = (
				187862F822EA1EE100C774AA /* Debug */,
				187862F922EA1EE100C774AA /* Release */,
			);
			defaultConfigurationIsVisible = 0;
			defaultConfigurationName = Release;
		};
		187862FA22EA1EE100C774AA /* Build configuration list for PBXNativeTarget "TrialApp" */ = {
			isa = XCConfigurationList;
			buildConfigurations = (
				187862FB22EA1EE100C774AA /* Debug */,
				187862FC22EA1EE100C774AA /* Release */,
			);
			defaultConfigurationIsVisible = 0;
			defaultConfigurationName = Release;
		};
/* End XCConfigurationList section */

/* Begin XCVersionGroup section */
		187862EF22EA1EDD00C774AA /* TrialApp.xcdatamodeld */ = {
			isa = XCVersionGroup;
			children = (
				187862F022EA1EDD00C774AA /* TrialApp.xcdatamodel */,
			);
			currentVersion = 187862F022EA1EDD00C774AA /* TrialApp.xcdatamodel */;
			path = TrialApp.xcdatamodeld;
			sourceTree = "<group>";
			versionGroupType = wrapper.xcdatamodel;
		};
/* End XCVersionGroup section */
	};
	rootObject = 187862DD22EA1EDD00C774AA /* Project object */;
}
